
Microsoft Visual Studio Solution File, Format Version 12.00
# Visual Studio Version 16
VisualStudioVersion = 16.0.30517.126
MinimumVisualStudioVersion = 10.0.40219.1
Project("{FAE04EC0-301F-11D3-BF4B-00C04F79EFBC}") = "BinaryTreesExample.Lib", "BinaryTreesExample.Lib\BinaryTreesExample.Lib.csproj", "{DA89FADA-52E8-4689-98DF-24788AC2714F}"
EndProject
Project("{FAE04EC0-301F-11D3-BF4B-00C04F79EFBC}") = "BinaryTreesExample.App", "BinaryTreesExample.App\BinaryTreesExample.App.csproj", "{E9104D28-0302-4AEA-9E9C-690A9C7D62C2}"
EndProject
Global
	GlobalSection(SolutionConfigurationPlatforms) = preSolution
		Debug|Any CPU = Debug|Any CPU
		Release|Any CPU = Release|Any CPU
	EndGlobalSection
	GlobalSection(ProjectConfigurationPlatforms) = postSolution
		{DA89FADA-52E8-4689-98DF-24788AC2714F}.Debug|Any CPU.ActiveCfg = Debug|Any CPU
		{DA89FADA-52E8-4689-98DF-24788AC2714F}.Debug|Any CPU.Build.0 = Debug|Any CPU
		{DA89FADA-52E8-4689-98DF-24788AC2714F}.Release|Any CPU.ActiveCfg = Release|Any CPU
		{DA89FADA-52E8-4689-98DF-24788AC2714F}.Release|Any CPU.Build.0 = Release|Any CPU
		{E9104D28-0302-4AEA-9E9C-690A9C7D62C2}.Debug|Any CPU.ActiveCfg = Debug|Any CPU
		{E9104D28-0302-4AEA-9E9C-690A9C7D62C2}.Debug|Any CPU.Build.0 = Debug|Any CPU
		{E9104D28-0302-4AEA-9E9C-690A9C7D62C2}.Release|Any CPU.ActiveCfg = Release|Any CPU
		{E9104D28-0302-4AEA-9E9C-690A9C7D62C2}.Release|Any CPU.Build.0 = Release|Any CPU
	EndGlobalSection
	GlobalSection(SolutionProperties) = preSolution
		HideSolutionNode = FALSE
	EndGlobalSection
	GlobalSection(ExtensibilityGlobals) = postSolution
		SolutionGuid = {6E6A9653-BA94-4F14-A1A8-DBD6F019C3C9}
	EndGlobalSection
EndGlobal
